{
    "_readme": [
        "This file locks the dependencies of your project to a known state",
        "Read more about it at https://getcomposer.org/doc/01-basic-usage.md#installing-dependencies",
        "This file is @generated automatically"
    ],
    "content-hash": "f5d592047fd3dc73a97b887138a5f985",
    "packages": [
        {
            "name": "hisune/echarts-php",
            "version": "1.0.12",
            "source": {
                "type": "git",
                "url": "https://github.com/hisune/Echarts-PHP.git",
                "reference": "8cf5001029839c601ce5d813ab92e6403b647798"
            },
            "dist": {
                "type": "zip",
                "url": "https://api.github.com/repos/hisune/Echarts-PHP/zipball/8cf5001029839c601ce5d813ab92e6403b647798",
                "reference": "8cf5001029839c601ce5d813ab92e6403b647798",
                "shasum": ""
            },
            "require": {
                "php": ">=5.3.0"
            },
            "type": "library",
            "autoload": {
                "psr-4": {
                    "Hisune\\EchartsPHP\\": "src/"
                }
            },
            "notification-url": "https://packagist.org/downloads/",
            "license": [
                "MIT"
            ],
            "authors": [
                {
                    "name": "Hisune",
                    "email": "hi@hisune.com",
                    "homepage": "http://hisune.com",
                    "role": "Developer"
                }
            ],
            "description": "A php wrapper for echarts javascript libraries",
            "homepage": "http://hisune.com",
            "keywords": [
                "charts",
                "echarts",
                "javascript",
                "php"
            ],
            "time": "2018-03-05T11:05:15+00:00"
        }
    ],
    "packages-dev": [],
    "aliases": [],
    "minimum-stability": "stable",
    "stability-flags": [],
    "prefer-stable": false,
    "prefer-lowest": false,
    "platform": [],
    "platform-dev": []
}
